
Microsoft Visual Studio Solution File, Format Version 12.00
# Visual Studio Version 17
VisualStudioVersion = 17.0.32112.339
MinimumVisualStudioVersion = 10.0.40219.1
Project("{FAE04EC0-301F-11D3-BF4B-00C04F79EFBC}") = "zapread.com", "zapread.com\zapread.com.csproj", "{ECCE89DD-7AD3-4109-9F7C-32292EAC36AD}"
EndProject
Project("{FAE04EC0-301F-11D3-BF4B-00C04F79EFBC}") = "zapread.com.Tests", "zapread.com.Tests\zapread.com.Tests.csproj", "{8F62A634-7C39-469B-BA30-8A9BC9777A47}"
EndProject
Project("{FAE04EC0-301F-11D3-BF4B-00C04F79EFBC}") = "LightningLib", "LndLib.NET\LightningLib\LightningLib.csproj", "{824D15C2-A623-46D0-A45E-CF152E97C025}"
EndProject
Project("{FAE04EC0-301F-11D3-BF4B-00C04F79EFBC}") = "Owin.Security.Providers.Reddit", "OwinOAuthProviders\src\Owin.Security.Providers.Reddit\Owin.Security.Providers.Reddit.csproj", "{D0CD86C8-A6F9-4C6C-9BF0-EAA461E7FBAD}"
EndProject
Project("{FAE04EC0-301F-11D3-BF4B-00C04F79EFBC}") = "Owin.Security.Providers.GitHub", "OwinOAuthProviders\src\Owin.Security.Providers.GitHub\Owin.Security.Providers.GitHub.csproj", "{803F9EB7-029C-45AC-AB81-135E60D5BEAE}"
EndProject
Project("{FAE04EC0-301F-11D3-BF4B-00C04F79EFBC}") = "RoboHash.Net", "RoboHash.Net\RoboHash.Net\RoboHash.Net\RoboHash.Net.csproj", "{8B5D7C04-6F59-4DD0-9F67-CC0DC6AEB275}"
EndProject
Project("{FAE04EC0-301F-11D3-BF4B-00C04F79EFBC}") = "Robohash.Net.Resources", "RoboHash.Net\RoboHash.Net\RoboHash.Net.Resources\Robohash.Net.Resources.csproj", "{BBE45286-3846-42A4-9809-B632F6D624FE}"
EndProject
Project("{FAE04EC0-301F-11D3-BF4B-00C04F79EFBC}") = "Robohash.Net.Tests", "RoboHash.Net\RoboHash.Net\RoboHash.Net.Tests\Robohash.Net.Tests.csproj", "{6532C3F0-0795-48E0-9DD5-63C18D2E4279}"
EndProject
Project("{FAE04EC0-301F-11D3-BF4B-00C04F79EFBC}") = "Microsoft.Owin.Security.ApiKey", "Microsoft.Owin.Security.ApiKey\src\Microsoft.Owin.Security.ApiKey\Microsoft.Owin.Security.ApiKey.csproj", "{E09682CB-8E40-41DD-B36C-7FEC758958C6}"
EndProject
Project("{9A19103F-16F7-4668-BE54-9A1E7A4F7556}") = "realtime.zapread.com", "realtime.zapread.com\realtime.zapread.com.csproj", "{2217068A-E96C-45D5-B78D-C1352EDAEC86}"
EndProject
Project("{FAE04EC0-301F-11D3-BF4B-00C04F79EFBC}") = "Owin.Security.Providers.LnAuth", "Owin.Security.Providers.Lnauth\Owin.Security.Providers.LnAuth.csproj", "{E85BCA59-C58B-4634-A248-2F4FB9A1DFBD}"
EndProject
Project("{FAE04EC0-301F-11D3-BF4B-00C04F79EFBC}") = "services.x64.zapread.com", "services.x64.zapread.com\services.x64.zapread.com.csproj", "{FCC931E0-39CB-4E90-A868-8396CB9BEDCC}"
EndProject
Project("{9A19103F-16F7-4668-BE54-9A1E7A4F7556}") = "core.zapread.com", "core.zapread.com\core.zapread.com.csproj", "{722C5D0F-2308-4022-8698-EB66AD522307}"
EndProject
Project("{FAE04EC0-301F-11D3-BF4B-00C04F79EFBC}") = "images.functions.zapread.com", "images.functions.zapread.com\images.functions.zapread.com.csproj", "{86AADDAF-EFC0-4F7F-B83E-BE793340A94D}"
EndProject
Global
	GlobalSection(SolutionConfigurationPlatforms) = preSolution
		Debug|Any CPU = Debug|Any CPU
		Debug|x64 = Debug|x64
		Debug|x86 = Debug|x86
		Release|Any CPU = Release|Any CPU
		Release|x64 = Release|x64
		Release|x86 = Release|x86
		Test|Any CPU = Test|Any CPU
		Test|x64 = Test|x64
		Test|x86 = Test|x86
	EndGlobalSection
	GlobalSection(ProjectConfigurationPlatforms) = postSolution
		{ECCE89DD-7AD3-4109-9F7C-32292EAC36AD}.Debug|Any CPU.ActiveCfg = Debug|Any CPU
		{ECCE89DD-7AD3-4109-9F7C-32292EAC36AD}.Debug|Any CPU.Build.0 = Debug|Any CPU
		{ECCE89DD-7AD3-4109-9F7C-32292EAC36AD}.Debug|x64.ActiveCfg = Debug|Any CPU
		{ECCE89DD-7AD3-4109-9F7C-32292EAC36AD}.Debug|x64.Build.0 = Debug|Any CPU
		{ECCE89DD-7AD3-4109-9F7C-32292EAC36AD}.Debug|x86.ActiveCfg = Debug|x86
		{ECCE89DD-7AD3-4109-9F7C-32292EAC36AD}.Debug|x86.Build.0 = Debug|x86
		{ECCE89DD-7AD3-4109-9F7C-32292EAC36AD}.Release|Any CPU.ActiveCfg = Release|Any CPU
		{ECCE89DD-7AD3-4109-9F7C-32292EAC36AD}.Release|Any CPU.Build.0 = Release|Any CPU
		{ECCE89DD-7AD3-4109-9F7C-32292EAC36AD}.Release|x64.ActiveCfg = Release|x64
		{ECCE89DD-7AD3-4109-9F7C-32292EAC36AD}.Release|x64.Build.0 = Release|x64
		{ECCE89DD-7AD3-4109-9F7C-32292EAC36AD}.Release|x86.ActiveCfg = Release|x86
		{ECCE89DD-7AD3-4109-9F7C-32292EAC36AD}.Release|x86.Build.0 = Release|x86
		{ECCE89DD-7AD3-4109-9F7C-32292EAC36AD}.Test|Any CPU.ActiveCfg = Release|Any CPU
		{ECCE89DD-7AD3-4109-9F7C-32292EAC36AD}.Test|Any CPU.Build.0 = Release|Any CPU
		{ECCE89DD-7AD3-4109-9F7C-32292EAC36AD}.Test|x64.ActiveCfg = Release|x64
		{ECCE89DD-7AD3-4109-9F7C-32292EAC36AD}.Test|x64.Build.0 = Release|x64
		{ECCE89DD-7AD3-4109-9F7C-32292EAC36AD}.Test|x86.ActiveCfg = Debug|x86
		{ECCE89DD-7AD3-4109-9F7C-32292EAC36AD}.Test|x86.Build.0 = Debug|x86
		{8F62A634-7C39-469B-BA30-8A9BC9777A47}.Debug|Any CPU.ActiveCfg = Debug|Any CPU
		{8F62A634-7C39-469B-BA30-8A9BC9777A47}.Debug|Any CPU.Build.0 = Debug|Any CPU
		{8F62A634-7C39-469B-BA30-8A9BC9777A47}.Debug|x64.ActiveCfg = Debug|Any CPU
		{8F62A634-7C39-469B-BA30-8A9BC9777A47}.Debug|x64.Build.0 = Debug|Any CPU
		{8F62A634-7C39-469B-BA30-8A9BC9777A47}.Debug|x86.ActiveCfg = Debug|x86
		{8F62A634-7C39-469B-BA30-8A9BC9777A47}.Debug|x86.Build.0 = Debug|x86
		{8F62A634-7C39-469B-BA30-8A9BC9777A47}.Release|Any CPU.ActiveCfg = Release|Any CPU
		{8F62A634-7C39-469B-BA30-8A9BC9777A47}.Release|Any CPU.Build.0 = Release|Any CPU
		{8F62A634-7C39-469B-BA30-8A9BC9777A47}.Release|x64.ActiveCfg = Release|x64
		{8F62A634-7C39-469B-BA30-8A9BC9777A47}.Release|x64.Build.0 = Release|x64
		{8F62A634-7C39-469B-BA30-8A9BC9777A47}.Release|x86.ActiveCfg = Release|x86
		{8F62A634-7C39-469B-BA30-8A9BC9777A47}.Release|x86.Build.0 = Release|x86
		{8F62A634-7C39-469B-BA30-8A9BC9777A47}.Test|Any CPU.ActiveCfg = Release|Any CPU
		{8F62A634-7C39-469B-BA30-8A9BC9777A47}.Test|Any CPU.Build.0 = Release|Any CPU
		{8F62A634-7C39-469B-BA30-8A9BC9777A47}.Test|x64.ActiveCfg = Release|x64
		{8F62A634-7C39-469B-BA30-8A9BC9777A47}.Test|x64.Build.0 = Release|x64
		{8F62A634-7C39-469B-BA30-8A9BC9777A47}.Test|x86.ActiveCfg = Debug|x86
		{8F62A634-7C39-469B-BA30-8A9BC9777A47}.Test|x86.Build.0 = Debug|x86
		{824D15C2-A623-46D0-A45E-CF152E97C025}.Debug|Any CPU.ActiveCfg = Debug|Any CPU
		{824D15C2-A623-46D0-A45E-CF152E97C025}.Debug|Any CPU.Build.0 = Debug|Any CPU
		{824D15C2-A623-46D0-A45E-CF152E97C025}.Debug|x64.ActiveCfg = Debug|Any CPU
		{824D15C2-A623-46D0-A45E-CF152E97C025}.Debug|x64.Build.0 = Debug|Any CPU
		{824D15C2-A623-46D0-A45E-CF152E97C025}.Debug|x86.ActiveCfg = Debug|x86
		{824D15C2-A623-46D0-A45E-CF152E97C025}.Debug|x86.Build.0 = Debug|x86
		{824D15C2-A623-46D0-A45E-CF152E97C025}.Release|Any CPU.ActiveCfg = Release|Any CPU
		{824D15C2-A623-46D0-A45E-CF152E97C025}.Release|Any CPU.Build.0 = Release|Any CPU
		{824D15C2-A623-46D0-A45E-CF152E97C025}.Release|x64.ActiveCfg = Release|x64
		{824D15C2-A623-46D0-A45E-CF152E97C025}.Release|x64.Build.0 = Release|x64
		{824D15C2-A623-46D0-A45E-CF152E97C025}.Release|x86.ActiveCfg = Release|x86
		{824D15C2-A623-46D0-A45E-CF152E97C025}.Release|x86.Build.0 = Release|x86
		{824D15C2-A623-46D0-A45E-CF152E97C025}.Test|Any CPU.ActiveCfg = Release|Any CPU
		{824D15C2-A623-46D0-A45E-CF152E97C025}.Test|Any CPU.Build.0 = Release|Any CPU
		{824D15C2-A623-46D0-A45E-CF152E97C025}.Test|x64.ActiveCfg = Release|x64
		{824D15C2-A623-46D0-A45E-CF152E97C025}.Test|x64.Build.0 = Release|x64
		{824D15C2-A623-46D0-A45E-CF152E97C025}.Test|x86.ActiveCfg = Debug|x86
		{824D15C2-A623-46D0-A45E-CF152E97C025}.Test|x86.Build.0 = Debug|x86
		{D0CD86C8-A6F9-4C6C-9BF0-EAA461E7FBAD}.Debug|Any CPU.ActiveCfg = Debug|Any CPU
		{D0CD86C8-A6F9-4C6C-9BF0-EAA461E7FBAD}.Debug|Any CPU.Build.0 = Debug|Any CPU
		{D0CD86C8-A6F9-4C6C-9BF0-EAA461E7FBAD}.Debug|x64.ActiveCfg = Debug|Any CPU
		{D0CD86C8-A6F9-4C6C-9BF0-EAA461E7FBAD}.Debug|x64.Build.0 = Debug|Any CPU
		{D0CD86C8-A6F9-4C6C-9BF0-EAA461E7FBAD}.Debug|x86.ActiveCfg = Debug|x86
		{D0CD86C8-A6F9-4C6C-9BF0-EAA461E7FBAD}.Debug|x86.Build.0 = Debug|x86
		{D0CD86C8-A6F9-4C6C-9BF0-EAA461E7FBAD}.Release|Any CPU.ActiveCfg = Release|Any CPU
		{D0CD86C8-A6F9-4C6C-9BF0-EAA461E7FBAD}.Release|Any CPU.Build.0 = Release|Any CPU
		{D0CD86C8-A6F9-4C6C-9BF0-EAA461E7FBAD}.Release|x64.ActiveCfg = Release|x64
		{D0CD86C8-A6F9-4C6C-9BF0-EAA461E7FBAD}.Release|x64.Build.0 = Release|x64
		{D0CD86C8-A6F9-4C6C-9BF0-EAA461E7FBAD}.Release|x86.ActiveCfg = Release|x86
		{D0CD86C8-A6F9-4C6C-9BF0-EAA461E7FBAD}.Release|x86.Build.0 = Release|x86
		{D0CD86C8-A6F9-4C6C-9BF0-EAA461E7FBAD}.Test|Any CPU.ActiveCfg = Release|Any CPU
		{D0CD86C8-A6F9-4C6C-9BF0-EAA461E7FBAD}.Test|Any CPU.Build.0 = Release|Any CPU
		{D0CD86C8-A6F9-4C6C-9BF0-EAA461E7FBAD}.Test|x64.ActiveCfg = Release|x64
		{D0CD86C8-A6F9-4C6C-9BF0-EAA461E7FBAD}.Test|x64.Build.0 = Release|x64
		{D0CD86C8-A6F9-4C6C-9BF0-EAA461E7FBAD}.Test|x86.ActiveCfg = Debug|x86
		{D0CD86C8-A6F9-4C6C-9BF0-EAA461E7FBAD}.Test|x86.Build.0 = Debug|x86
		{803F9EB7-029C-45AC-AB81-135E60D5BEAE}.Debug|Any CPU.ActiveCfg = Debug|Any CPU
		{803F9EB7-029C-45AC-AB81-135E60D5BEAE}.Debug|Any CPU.Build.0 = Debug|Any CPU
		{803F9EB7-029C-45AC-AB81-135E60D5BEAE}.Debug|x64.ActiveCfg = Debug|Any CPU
		{803F9EB7-029C-45AC-AB81-135E60D5BEAE}.Debug|x64.Build.0 = Debug|Any CPU
		{803F9EB7-029C-45AC-AB81-135E60D5BEAE}.Debug|x86.ActiveCfg = Debug|x86
		{803F9EB7-029C-45AC-AB81-135E60D5BEAE}.Debug|x86.Build.0 = Debug|x86
		{803F9EB7-029C-45AC-AB81-135E60D5BEAE}.Release|Any CPU.ActiveCfg = Release|Any CPU
		{803F9EB7-029C-45AC-AB81-135E60D5BEAE}.Release|Any CPU.Build.0 = Release|Any CPU
		{803F9EB7-029C-45AC-AB81-135E60D5BEAE}.Release|x64.ActiveCfg = Release|x64
		{803F9EB7-029C-45AC-AB81-135E60D5BEAE}.Release|x64.Build.0 = Release|x64
		{803F9EB7-029C-45AC-AB81-135E60D5BEAE}.Release|x86.ActiveCfg = Release|x86
		{803F9EB7-029C-45AC-AB81-135E60D5BEAE}.Release|x86.Build.0 = Release|x86
		{803F9EB7-029C-45AC-AB81-135E60D5BEAE}.Test|Any CPU.ActiveCfg = Release|Any CPU
		{803F9EB7-029C-45AC-AB81-135E60D5BEAE}.Test|Any CPU.Build.0 = Release|Any CPU
		{803F9EB7-029C-45AC-AB81-135E60D5BEAE}.Test|x64.ActiveCfg = Release|x64
		{803F9EB7-029C-45AC-AB81-135E60D5BEAE}.Test|x64.Build.0 = Release|x64
		{803F9EB7-029C-45AC-AB81-135E60D5BEAE}.Test|x86.ActiveCfg = Debug|x86
		{803F9EB7-029C-45AC-AB81-135E60D5BEAE}.Test|x86.Build.0 = Debug|x86
		{8B5D7C04-6F59-4DD0-9F67-CC0DC6AEB275}.Debug|Any CPU.ActiveCfg = Debug|Any CPU
		{8B5D7C04-6F59-4DD0-9F67-CC0DC6AEB275}.Debug|Any CPU.Build.0 = Debug|Any CPU
		{8B5D7C04-6F59-4DD0-9F67-CC0DC6AEB275}.Debug|x64.ActiveCfg = Debug|Any CPU
		{8B5D7C04-6F59-4DD0-9F67-CC0DC6AEB275}.Debug|x64.Build.0 = Debug|Any CPU
		{8B5D7C04-6F59-4DD0-9F67-CC0DC6AEB275}.Debug|x86.ActiveCfg = Debug|x86
		{8B5D7C04-6F59-4DD0-9F67-CC0DC6AEB275}.Debug|x86.Build.0 = Debug|x86
		{8B5D7C04-6F59-4DD0-9F67-CC0DC6AEB275}.Release|Any CPU.ActiveCfg = Release|Any CPU
		{8B5D7C04-6F59-4DD0-9F67-CC0DC6AEB275}.Release|Any CPU.Build.0 = Release|Any CPU
		{8B5D7C04-6F59-4DD0-9F67-CC0DC6AEB275}.Release|x64.ActiveCfg = Release|x64
		{8B5D7C04-6F59-4DD0-9F67-CC0DC6AEB275}.Release|x64.Build.0 = Release|x64
		{8B5D7C04-6F59-4DD0-9F67-CC0DC6AEB275}.Release|x86.ActiveCfg = Release|x86
		{8B5D7C04-6F59-4DD0-9F67-CC0DC6AEB275}.Release|x86.Build.0 = Release|x86
		{8B5D7C04-6F59-4DD0-9F67-CC0DC6AEB275}.Test|Any CPU.ActiveCfg = Test|Any CPU
		{8B5D7C04-6F59-4DD0-9F67-CC0DC6AEB275}.Test|Any CPU.Build.0 = Test|Any CPU
		{8B5D7C04-6F59-4DD0-9F67-CC0DC6AEB275}.Test|x64.ActiveCfg = Test|x64
		{8B5D7C04-6F59-4DD0-9F67-CC0DC6AEB275}.Test|x64.Build.0 = Test|x64
		{8B5D7C04-6F59-4DD0-9F67-CC0DC6AEB275}.Test|x86.ActiveCfg = Test|x86
		{8B5D7C04-6F59-4DD0-9F67-CC0DC6AEB275}.Test|x86.Build.0 = Test|x86
		{BBE45286-3846-42A4-9809-B632F6D624FE}.Debug|Any CPU.ActiveCfg = Debug|Any CPU
		{BBE45286-3846-42A4-9809-B632F6D624FE}.Debug|Any CPU.Build.0 = Debug|Any CPU
		{BBE45286-3846-42A4-9809-B632F6D624FE}.Debug|x64.ActiveCfg = Debug|Any CPU
		{BBE45286-3846-42A4-9809-B632F6D624FE}.Debug|x64.Build.0 = Debug|Any CPU
		{BBE45286-3846-42A4-9809-B632F6D624FE}.Debug|x86.ActiveCfg = Debug|x86
		{BBE45286-3846-42A4-9809-B632F6D624FE}.Debug|x86.Build.0 = Debug|x86
		{BBE45286-3846-42A4-9809-B632F6D624FE}.Release|Any CPU.ActiveCfg = Release|Any CPU
		{BBE45286-3846-42A4-9809-B632F6D624FE}.Release|Any CPU.Build.0 = Release|Any CPU
		{BBE45286-3846-42A4-9809-B632F6D624FE}.Release|x64.ActiveCfg = Release|x64
		{BBE45286-3846-42A4-9809-B632F6D624FE}.Release|x64.Build.0 = Release|x64
		{BBE45286-3846-42A4-9809-B632F6D624FE}.Release|x86.ActiveCfg = Release|x86
		{BBE45286-3846-42A4-9809-B632F6D624FE}.Release|x86.Build.0 = Release|x86
		{BBE45286-3846-42A4-9809-B632F6D624FE}.Test|Any CPU.ActiveCfg = Test|Any CPU
		{BBE45286-3846-42A4-9809-B632F6D624FE}.Test|Any CPU.Build.0 = Test|Any CPU
		{BBE45286-3846-42A4-9809-B632F6D624FE}.Test|x64.ActiveCfg = Test|x64
		{BBE45286-3846-42A4-9809-B632F6D624FE}.Test|x64.Build.0 = Test|x64
		{BBE45286-3846-42A4-9809-B632F6D624FE}.Test|x86.ActiveCfg = Test|x86
		{BBE45286-3846-42A4-9809-B632F6D624FE}.Test|x86.Build.0 = Test|x86
		{6532C3F0-0795-48E0-9DD5-63C18D2E4279}.Debug|Any CPU.ActiveCfg = Debug|Any CPU
		{6532C3F0-0795-48E0-9DD5-63C18D2E4279}.Debug|Any CPU.Build.0 = Debug|Any CPU
		{6532C3F0-0795-48E0-9DD5-63C18D2E4279}.Debug|x64.ActiveCfg = Debug|Any CPU
		{6532C3F0-0795-48E0-9DD5-63C18D2E4279}.Debug|x64.Build.0 = Debug|Any CPU
		{6532C3F0-0795-48E0-9DD5-63C18D2E4279}.Debug|x86.ActiveCfg = Debug|x86
		{6532C3F0-0795-48E0-9DD5-63C18D2E4279}.Debug|x86.Build.0 = Debug|x86
		{6532C3F0-0795-48E0-9DD5-63C18D2E4279}.Release|Any CPU.ActiveCfg = Release|Any CPU
		{6532C3F0-0795-48E0-9DD5-63C18D2E4279}.Release|Any CPU.Build.0 = Release|Any CPU
		{6532C3F0-0795-48E0-9DD5-63C18D2E4279}.Release|x64.ActiveCfg = Release|x64
		{6532C3F0-0795-48E0-9DD5-63C18D2E4279}.Release|x64.Build.0 = Release|x64
		{6532C3F0-0795-48E0-9DD5-63C18D2E4279}.Release|x86.ActiveCfg = Release|x86
		{6532C3F0-0795-48E0-9DD5-63C18D2E4279}.Release|x86.Build.0 = Release|x86
		{6532C3F0-0795-48E0-9DD5-63C18D2E4279}.Test|Any CPU.ActiveCfg = Release|Any CPU
		{6532C3F0-0795-48E0-9DD5-63C18D2E4279}.Test|Any CPU.Build.0 = Release|Any CPU
		{6532C3F0-0795-48E0-9DD5-63C18D2E4279}.Test|x64.ActiveCfg = Release|x64
		{6532C3F0-0795-48E0-9DD5-63C18D2E4279}.Test|x64.Build.0 = Release|x64
		{6532C3F0-0795-48E0-9DD5-63C18D2E4279}.Test|x86.ActiveCfg = Debug|x86
		{6532C3F0-0795-48E0-9DD5-63C18D2E4279}.Test|x86.Build.0 = Debug|x86
		{E09682CB-8E40-41DD-B36C-7FEC758958C6}.Debug|Any CPU.ActiveCfg = Debug|Any CPU
		{E09682CB-8E40-41DD-B36C-7FEC758958C6}.Debug|Any CPU.Build.0 = Debug|Any CPU
		{E09682CB-8E40-41DD-B36C-7FEC758958C6}.Debug|x64.ActiveCfg = Debug|Any CPU
		{E09682CB-8E40-41DD-B36C-7FEC758958C6}.Debug|x64.Build.0 = Debug|Any CPU
		{E09682CB-8E40-41DD-B36C-7FEC758958C6}.Debug|x86.ActiveCfg = Debug|x86
		{E09682CB-8E40-41DD-B36C-7FEC758958C6}.Debug|x86.Build.0 = Debug|x86
		{E09682CB-8E40-41DD-B36C-7FEC758958C6}.Release|Any CPU.ActiveCfg = Release|Any CPU
		{E09682CB-8E40-41DD-B36C-7FEC758958C6}.Release|Any CPU.Build.0 = Release|Any CPU
		{E09682CB-8E40-41DD-B36C-7FEC758958C6}.Release|x64.ActiveCfg = Release|x64
		{E09682CB-8E40-41DD-B36C-7FEC758958C6}.Release|x64.Build.0 = Release|x64
		{E09682CB-8E40-41DD-B36C-7FEC758958C6}.Release|x86.ActiveCfg = Release|x86
		{E09682CB-8E40-41DD-B36C-7FEC758958C6}.Release|x86.Build.0 = Release|x86
		{E09682CB-8E40-41DD-B36C-7FEC758958C6}.Test|Any CPU.ActiveCfg = Release|Any CPU
		{E09682CB-8E40-41DD-B36C-7FEC758958C6}.Test|Any CPU.Build.0 = Release|Any CPU
		{E09682CB-8E40-41DD-B36C-7FEC758958C6}.Test|x64.ActiveCfg = Release|x64
		{E09682CB-8E40-41DD-B36C-7FEC758958C6}.Test|x64.Build.0 = Release|x64
		{E09682CB-8E40-41DD-B36C-7FEC758958C6}.Test|x86.ActiveCfg = Debug|x86
		{E09682CB-8E40-41DD-B36C-7FEC758958C6}.Test|x86.Build.0 = Debug|x86
		{2217068A-E96C-45D5-B78D-C1352EDAEC86}.Debug|Any CPU.ActiveCfg = Debug|Any CPU
		{2217068A-E96C-45D5-B78D-C1352EDAEC86}.Debug|Any CPU.Build.0 = Debug|Any CPU
		{2217068A-E96C-45D5-B78D-C1352EDAEC86}.Debug|x64.ActiveCfg = Debug|Any CPU
		{2217068A-E96C-45D5-B78D-C1352EDAEC86}.Debug|x64.Build.0 = Debug|Any CPU
		{2217068A-E96C-45D5-B78D-C1352EDAEC86}.Debug|x86.ActiveCfg = Debug|x86
		{2217068A-E96C-45D5-B78D-C1352EDAEC86}.Debug|x86.Build.0 = Debug|x86
		{2217068A-E96C-45D5-B78D-C1352EDAEC86}.Release|Any CPU.ActiveCfg = Release|Any CPU
		{2217068A-E96C-45D5-B78D-C1352EDAEC86}.Release|Any CPU.Build.0 = Release|Any CPU
		{2217068A-E96C-45D5-B78D-C1352EDAEC86}.Release|x64.ActiveCfg = Release|x64
		{2217068A-E96C-45D5-B78D-C1352EDAEC86}.Release|x64.Build.0 = Release|x64
		{2217068A-E96C-45D5-B78D-C1352EDAEC86}.Release|x86.ActiveCfg = Release|x86
		{2217068A-E96C-45D5-B78D-C1352EDAEC86}.Release|x86.Build.0 = Release|x86
		{2217068A-E96C-45D5-B78D-C1352EDAEC86}.Test|Any CPU.ActiveCfg = Debug|Any CPU
		{2217068A-E96C-45D5-B78D-C1352EDAEC86}.Test|Any CPU.Build.0 = Debug|Any CPU
		{2217068A-E96C-45D5-B78D-C1352EDAEC86}.Test|x64.ActiveCfg = Release|x64
		{2217068A-E96C-45D5-B78D-C1352EDAEC86}.Test|x64.Build.0 = Release|x64
		{2217068A-E96C-45D5-B78D-C1352EDAEC86}.Test|x86.ActiveCfg = Debug|x86
		{2217068A-E96C-45D5-B78D-C1352EDAEC86}.Test|x86.Build.0 = Debug|x86
		{E85BCA59-C58B-4634-A248-2F4FB9A1DFBD}.Debug|Any CPU.ActiveCfg = Debug|Any CPU
		{E85BCA59-C58B-4634-A248-2F4FB9A1DFBD}.Debug|Any CPU.Build.0 = Debug|Any CPU
		{E85BCA59-C58B-4634-A248-2F4FB9A1DFBD}.Debug|x64.ActiveCfg = Debug|Any CPU
		{E85BCA59-C58B-4634-A248-2F4FB9A1DFBD}.Debug|x64.Build.0 = Debug|Any CPU
		{E85BCA59-C58B-4634-A248-2F4FB9A1DFBD}.Debug|x86.ActiveCfg = Debug|x86
		{E85BCA59-C58B-4634-A248-2F4FB9A1DFBD}.Debug|x86.Build.0 = Debug|x86
		{E85BCA59-C58B-4634-A248-2F4FB9A1DFBD}.Release|Any CPU.ActiveCfg = Release|Any CPU
		{E85BCA59-C58B-4634-A248-2F4FB9A1DFBD}.Release|Any CPU.Build.0 = Release|Any CPU
		{E85BCA59-C58B-4634-A248-2F4FB9A1DFBD}.Release|x64.ActiveCfg = Release|x64
		{E85BCA59-C58B-4634-A248-2F4FB9A1DFBD}.Release|x64.Build.0 = Release|x64
		{E85BCA59-C58B-4634-A248-2F4FB9A1DFBD}.Release|x86.ActiveCfg = Release|x86
		{E85BCA59-C58B-4634-A248-2F4FB9A1DFBD}.Release|x86.Build.0 = Release|x86
		{E85BCA59-C58B-4634-A248-2F4FB9A1DFBD}.Test|Any CPU.ActiveCfg = Debug|Any CPU
		{E85BCA59-C58B-4634-A248-2F4FB9A1DFBD}.Test|Any CPU.Build.0 = Debug|Any CPU
		{E85BCA59-C58B-4634-A248-2F4FB9A1DFBD}.Test|x64.ActiveCfg = Release|x64
		{E85BCA59-C58B-4634-A248-2F4FB9A1DFBD}.Test|x64.Build.0 = Release|x64
		{E85BCA59-C58B-4634-A248-2F4FB9A1DFBD}.Test|x86.ActiveCfg = Debug|x86
		{E85BCA59-C58B-4634-A248-2F4FB9A1DFBD}.Test|x86.Build.0 = Debug|x86
		{FCC931E0-39CB-4E90-A868-8396CB9BEDCC}.Debug|Any CPU.ActiveCfg = Debug|x64
		{FCC931E0-39CB-4E90-A868-8396CB9BEDCC}.Debug|x64.ActiveCfg = Debug|x64
		{FCC931E0-39CB-4E90-A868-8396CB9BEDCC}.Debug|x64.Build.0 = Debug|x64
		{FCC931E0-39CB-4E90-A868-8396CB9BEDCC}.Debug|x86.ActiveCfg = Debug|x64
		{FCC931E0-39CB-4E90-A868-8396CB9BEDCC}.Release|Any CPU.ActiveCfg = Debug|x64
		{FCC931E0-39CB-4E90-A868-8396CB9BEDCC}.Release|x64.ActiveCfg = Debug|x64
		{FCC931E0-39CB-4E90-A868-8396CB9BEDCC}.Release|x64.Build.0 = Debug|x64
		{FCC931E0-39CB-4E90-A868-8396CB9BEDCC}.Release|x86.ActiveCfg = Debug|x64
		{FCC931E0-39CB-4E90-A868-8396CB9BEDCC}.Test|Any CPU.ActiveCfg = Debug|x64
		{FCC931E0-39CB-4E90-A868-8396CB9BEDCC}.Test|x64.ActiveCfg = Debug|x64
		{FCC931E0-39CB-4E90-A868-8396CB9BEDCC}.Test|x64.Build.0 = Debug|x64
		{FCC931E0-39CB-4E90-A868-8396CB9BEDCC}.Test|x86.ActiveCfg = Debug|x64
		{722C5D0F-2308-4022-8698-EB66AD522307}.Debug|Any CPU.ActiveCfg = Debug|Any CPU
		{722C5D0F-2308-4022-8698-EB66AD522307}.Debug|Any CPU.Build.0 = Debug|Any CPU
		{722C5D0F-2308-4022-8698-EB66AD522307}.Debug|x64.ActiveCfg = Debug|Any CPU
		{722C5D0F-2308-4022-8698-EB66AD522307}.Debug|x64.Build.0 = Debug|Any CPU
		{722C5D0F-2308-4022-8698-EB66AD522307}.Debug|x86.ActiveCfg = Debug|Any CPU
		{722C5D0F-2308-4022-8698-EB66AD522307}.Debug|x86.Build.0 = Debug|Any CPU
		{722C5D0F-2308-4022-8698-EB66AD522307}.Release|Any CPU.ActiveCfg = Release|Any CPU
		{722C5D0F-2308-4022-8698-EB66AD522307}.Release|Any CPU.Build.0 = Release|Any CPU
		{722C5D0F-2308-4022-8698-EB66AD522307}.Release|x64.ActiveCfg = Release|Any CPU
		{722C5D0F-2308-4022-8698-EB66AD522307}.Release|x64.Build.0 = Release|Any CPU
		{722C5D0F-2308-4022-8698-EB66AD522307}.Release|x86.ActiveCfg = Release|Any CPU
		{722C5D0F-2308-4022-8698-EB66AD522307}.Release|x86.Build.0 = Release|Any CPU
		{722C5D0F-2308-4022-8698-EB66AD522307}.Test|Any CPU.ActiveCfg = Debug|Any CPU
		{722C5D0F-2308-4022-8698-EB66AD522307}.Test|Any CPU.Build.0 = Debug|Any CPU
		{722C5D0F-2308-4022-8698-EB66AD522307}.Test|x64.ActiveCfg = Debug|Any CPU
		{722C5D0F-2308-4022-8698-EB66AD522307}.Test|x64.Build.0 = Debug|Any CPU
		{722C5D0F-2308-4022-8698-EB66AD522307}.Test|x86.ActiveCfg = Debug|Any CPU
		{722C5D0F-2308-4022-8698-EB66AD522307}.Test|x86.Build.0 = Debug|Any CPU
		{86AADDAF-EFC0-4F7F-B83E-BE793340A94D}.Debug|Any CPU.ActiveCfg = Debug|Any CPU
		{86AADDAF-EFC0-4F7F-B83E-BE793340A94D}.Debug|Any CPU.Build.0 = Debug|Any CPU
		{86AADDAF-EFC0-4F7F-B83E-BE793340A94D}.Debug|x64.ActiveCfg = Debug|Any CPU
		{86AADDAF-EFC0-4F7F-B83E-BE793340A94D}.Debug|x64.Build.0 = Debug|Any CPU
		{86AADDAF-EFC0-4F7F-B83E-BE793340A94D}.Debug|x86.ActiveCfg = Debug|Any CPU
		{86AADDAF-EFC0-4F7F-B83E-BE793340A94D}.Debug|x86.Build.0 = Debug|Any CPU
		{86AADDAF-EFC0-4F7F-B83E-BE793340A94D}.Release|Any CPU.ActiveCfg = Release|Any CPU
		{86AADDAF-EFC0-4F7F-B83E-BE793340A94D}.Release|Any CPU.Build.0 = Release|Any CPU
		{86AADDAF-EFC0-4F7F-B83E-BE793340A94D}.Release|x64.ActiveCfg = Release|Any CPU
		{86AADDAF-EFC0-4F7F-B83E-BE793340A94D}.Release|x64.Build.0 = Release|Any CPU
		{86AADDAF-EFC0-4F7F-B83E-BE793340A94D}.Release|x86.ActiveCfg = Release|Any CPU
		{86AADDAF-EFC0-4F7F-B83E-BE793340A94D}.Release|x86.Build.0 = Release|Any CPU
		{86AADDAF-EFC0-4F7F-B83E-BE793340A94D}.Test|Any CPU.ActiveCfg = Debug|Any CPU
		{86AADDAF-EFC0-4F7F-B83E-BE793340A94D}.Test|Any CPU.Build.0 = Debug|Any CPU
		{86AADDAF-EFC0-4F7F-B83E-BE793340A94D}.Test|x64.ActiveCfg = Debug|Any CPU
		{86AADDAF-EFC0-4F7F-B83E-BE793340A94D}.Test|x64.Build.0 = Debug|Any CPU
		{86AADDAF-EFC0-4F7F-B83E-BE793340A94D}.Test|x86.ActiveCfg = Debug|Any CPU
		{86AADDAF-EFC0-4F7F-B83E-BE793340A94D}.Test|x86.Build.0 = Debug|Any CPU
	EndGlobalSection
	GlobalSection(SolutionProperties) = preSolution
		HideSolutionNode = FALSE
	EndGlobalSection
	GlobalSection(ExtensibilityGlobals) = postSolution
		SolutionGuid = {88BD48AF-34AC-4EA1-A9AB-1DA42517A3BA}
	EndGlobalSection
	GlobalSection(Performance) = preSolution
		HasPerformanceSessions = true
	EndGlobalSection
	GlobalSection(Performance) = preSolution
		HasPerformanceSessions = true
	EndGlobalSection
EndGlobal
